
Microsoft Visual Studio Solution File, Format Version 12.00
# Visual Studio 14
VisualStudioVersion = 14.0.24720.0
MinimumVisualStudioVersion = 10.0.40219.1
Project("{FAE04EC0-301F-11D3-BF4B-00C04F79EFBC}") = "WebApi.Tests", "WebApi.Tests\WebApi.Tests.csproj", "{91560F23-D262-444E-AB6C-A8FFBD2063E7}"
EndProject
Project("{FAE04EC0-301F-11D3-BF4B-00C04F79EFBC}") = "WebApi", "WebApi\WebApi.csproj", "{77BAB43D-9BA0-4BAF-81AB-493A4CFA41EB}"
EndProject
Global
	GlobalSection(SolutionConfigurationPlatforms) = preSolution
		Debug|Any CPU = Debug|Any CPU
		Release|Any CPU = Release|Any CPU
	EndGlobalSection
	GlobalSection(ProjectConfigurationPlatforms) = postSolution
		{91560F23-D262-444E-AB6C-A8FFBD2063E7}.Debug|Any CPU.ActiveCfg = Debug|Any CPU
		{91560F23-D262-444E-AB6C-A8FFBD2063E7}.Debug|Any CPU.Build.0 = Debug|Any CPU
		{91560F23-D262-444E-AB6C-A8FFBD2063E7}.Release|Any CPU.ActiveCfg = Release|Any CPU
		{91560F23-D262-444E-AB6C-A8FFBD2063E7}.Release|Any CPU.Build.0 = Release|Any CPU
		{77BAB43D-9BA0-4BAF-81AB-493A4CFA41EB}.Debug|Any CPU.ActiveCfg = Debug|Any CPU
		{77BAB43D-9BA0-4BAF-81AB-493A4CFA41EB}.Debug|Any CPU.Build.0 = Debug|Any CPU
		{77BAB43D-9BA0-4BAF-81AB-493A4CFA41EB}.Release|Any CPU.ActiveCfg = Release|Any CPU
		{77BAB43D-9BA0-4BAF-81AB-493A4CFA41EB}.Release|Any CPU.Build.0 = Release|Any CPU
	EndGlobalSection
	GlobalSection(SolutionProperties) = preSolution
		HideSolutionNode = FALSE
	EndGlobalSection
EndGlobal
